
Microsoft Visual Studio Solution File, Format Version 12.00
# Visual Studio 14
VisualStudioVersion = 14.0.23107.0
MinimumVisualStudioVersion = 10.0.40219.1
Project("{FAE04EC0-301F-11D3-BF4B-00C04F79EFBC}") = "Range", "Range\Range.csproj", "{6AF884A6-0AF0-47A8-9DEA-6D95AD03DA18}"
EndProject
Project("{FAE04EC0-301F-11D3-BF4B-00C04F79EFBC}") = "Sort", "Sort\Sort.csproj", "{5C5AFB87-EA77-4AF2-AA73-256D0541AE2B}"
EndProject
Project("{FAE04EC0-301F-11D3-BF4B-00C04F79EFBC}") = "Shapes", "Shapes\Shapes.csproj", "{A138984D-3989-4E38-B12C-01EE6BFF7BAC}"
EndProject
Project("{FAE04EC0-301F-11D3-BF4B-00C04F79EFBC}") = "Vector", "Vector\Vector.csproj", "{924779E6-FEAD-4D61-995C-F5EAC5ECCDB4}"
EndProject
Project("{FAE04EC0-301F-11D3-BF4B-00C04F79EFBC}") = "Matrix", "Matrix\Matrix.csproj", "{6F603591-9544-4BC6-B3DC-578E285464B4}"
EndProject
Project("{FAE04EC0-301F-11D3-BF4B-00C04F79EFBC}") = "CSV", "CSV\CSV.csproj", "{5D4992FC-EF31-4E06-84BD-34D41C28C925}"
EndProject
Project("{FAE04EC0-301F-11D3-BF4B-00C04F79EFBC}") = "TableHash", "TableHash\TableHash.csproj", "{FDD86212-7846-4835-90F4-AD0D726B4909}"
EndProject
Global
	GlobalSection(SolutionConfigurationPlatforms) = preSolution
		Debug|Any CPU = Debug|Any CPU
		Release|Any CPU = Release|Any CPU
	EndGlobalSection
	GlobalSection(ProjectConfigurationPlatforms) = postSolution
		{6AF884A6-0AF0-47A8-9DEA-6D95AD03DA18}.Debug|Any CPU.ActiveCfg = Debug|Any CPU
		{6AF884A6-0AF0-47A8-9DEA-6D95AD03DA18}.Debug|Any CPU.Build.0 = Debug|Any CPU
		{6AF884A6-0AF0-47A8-9DEA-6D95AD03DA18}.Release|Any CPU.ActiveCfg = Release|Any CPU
		{6AF884A6-0AF0-47A8-9DEA-6D95AD03DA18}.Release|Any CPU.Build.0 = Release|Any CPU
		{5C5AFB87-EA77-4AF2-AA73-256D0541AE2B}.Debug|Any CPU.ActiveCfg = Debug|Any CPU
		{5C5AFB87-EA77-4AF2-AA73-256D0541AE2B}.Debug|Any CPU.Build.0 = Debug|Any CPU
		{5C5AFB87-EA77-4AF2-AA73-256D0541AE2B}.Release|Any CPU.ActiveCfg = Release|Any CPU
		{5C5AFB87-EA77-4AF2-AA73-256D0541AE2B}.Release|Any CPU.Build.0 = Release|Any CPU
		{A138984D-3989-4E38-B12C-01EE6BFF7BAC}.Debug|Any CPU.ActiveCfg = Debug|Any CPU
		{A138984D-3989-4E38-B12C-01EE6BFF7BAC}.Debug|Any CPU.Build.0 = Debug|Any CPU
		{A138984D-3989-4E38-B12C-01EE6BFF7BAC}.Release|Any CPU.ActiveCfg = Release|Any CPU
		{A138984D-3989-4E38-B12C-01EE6BFF7BAC}.Release|Any CPU.Build.0 = Release|Any CPU
		{924779E6-FEAD-4D61-995C-F5EAC5ECCDB4}.Debug|Any CPU.ActiveCfg = Debug|Any CPU
		{924779E6-FEAD-4D61-995C-F5EAC5ECCDB4}.Debug|Any CPU.Build.0 = Debug|Any CPU
		{924779E6-FEAD-4D61-995C-F5EAC5ECCDB4}.Release|Any CPU.ActiveCfg = Release|Any CPU
		{924779E6-FEAD-4D61-995C-F5EAC5ECCDB4}.Release|Any CPU.Build.0 = Release|Any CPU
		{6F603591-9544-4BC6-B3DC-578E285464B4}.Debug|Any CPU.ActiveCfg = Debug|Any CPU
		{6F603591-9544-4BC6-B3DC-578E285464B4}.Debug|Any CPU.Build.0 = Debug|Any CPU
		{6F603591-9544-4BC6-B3DC-578E285464B4}.Release|Any CPU.ActiveCfg = Release|Any CPU
		{6F603591-9544-4BC6-B3DC-578E285464B4}.Release|Any CPU.Build.0 = Release|Any CPU
		{5D4992FC-EF31-4E06-84BD-34D41C28C925}.Debug|Any CPU.ActiveCfg = Debug|Any CPU
		{5D4992FC-EF31-4E06-84BD-34D41C28C925}.Debug|Any CPU.Build.0 = Debug|Any CPU
		{5D4992FC-EF31-4E06-84BD-34D41C28C925}.Release|Any CPU.ActiveCfg = Release|Any CPU
		{5D4992FC-EF31-4E06-84BD-34D41C28C925}.Release|Any CPU.Build.0 = Release|Any CPU
		{FDD86212-7846-4835-90F4-AD0D726B4909}.Debug|Any CPU.ActiveCfg = Debug|Any CPU
		{FDD86212-7846-4835-90F4-AD0D726B4909}.Debug|Any CPU.Build.0 = Debug|Any CPU
		{FDD86212-7846-4835-90F4-AD0D726B4909}.Release|Any CPU.ActiveCfg = Release|Any CPU
		{FDD86212-7846-4835-90F4-AD0D726B4909}.Release|Any CPU.Build.0 = Release|Any CPU
	EndGlobalSection
	GlobalSection(SolutionProperties) = preSolution
		HideSolutionNode = FALSE
	EndGlobalSection
EndGlobal
